github.com/alexellis/hmac/v2 v2.0.0 h1:/sH/UJxDXPpJorUeg2DudeKSeUrWPF32Yamw2TiDoOQ=
github.com/alexellis/hmac/v2 v2.0.0/go.mod h1:O7hZZgTfh5fp5+vAamzodZPlbw+aQK+nnrrJNHsEvL0=
github.com/google/go-cmp v0.6.0 h1:ofyhxvXcZhMsU5ulbFiLKl/XBFqE1GSq7atu8tAmTRI=
github.com/google/go-cmp v0.6.0/go.mod h1:17dUlkBOakJ0+DkrSSNjCkIjxS6bF9zb3elmeNGIjoY=
github.com/openfaas/faas-provider v0.25.5 h1:qW2izX1otKfbOhArgf1GK9JjTqwBRL4BWioiJJVYH58=
github.com/openfaas/faas-provider v0.25.5/go.mod h1:rMXbj+AYVpn82UoHIOgWHiDeV118t0bSxyoC9d00jpc=
go.uber.org/goleak v1.3.0 h1:2K3zAYmnTNqV73imy9J1T3WC+gmCePx2hEGkimedGto=
go.uber.org/goleak v1.3.0/go.mod h1:CoHD4mav9JJNrW/WLlf7HGZPjdw8EucARQHekz1X6bE=
