github.com/alexellis/hmac/v2 v2.0.0 h1:/sH/UJxDXPpJorUeg2DudeKSeUrWPF32Yamw2TiDoOQ=
github.com/alexellis/hmac/v2 v2.0.0/go.mod h1:O7hZZgTfh5fp5+vAamzodZPlbw+aQK+nnrrJNHsEvL0=
github.com/google/go-cmp v0.6.0 h1:ofyhxvXcZhMsU5ulbFiLKl/XBFqE1GSq7atu8tAmTRI=
github.com/google/go-cmp v0.6.0/go.mod h1:17dUlkBOakJ0+DkrSSNjCkIjxS6bF9zb3elmeNGIjoY=
github.com/openfaas/faas-provider v0.25.4 h1:Cly/M8/Q+OOn8qFxxeaZGyC5B2x4f+RSU28hej+1WcM=
github.com/openfaas/faas-provider v0.25.4/go.mod h1:t6RSPCvNfiqYEzf/CtdIj+0OItdyK6IzrOca1EOLNSg=
go.uber.org/goleak v1.2.1 h1:NBol2c7O1ZokfZ0LEU9K6Whx/KnwvepVetCUhtKja4A=
go.uber.org/goleak v1.2.1/go.mod h1:qlT2yGI9QafXHhZZLxlSuNsMw3FFLxBr+tBRlmO1xH4=
