github.com/google/go-cmp v0.5.9 h1:O2Tfq5qg4qc4AmwVlvv0oLiVAGB7enBSJ2x2DqQFi38=
github.com/google/go-cmp v0.5.9/go.mod h1:17dUlkBOakJ0+DkrSSNjCkIjxS6bF9zb3elmeNGIjoY=
github.com/openfaas/faas-provider v0.24.0 h1:5ToqdkqZ3pM9SdFKBMUmhU8IjXMh6+qd7gEDBeFhp1M=
github.com/openfaas/faas-provider v0.24.0/go.mod h1:NsETIfEndZn4mn/w/XnBTcDTwKqULCziphLp7KgeRcA=
go.uber.org/goleak v1.2.1 h1:NBol2c7O1ZokfZ0LEU9K6Whx/KnwvepVetCUhtKja4A=
